<?xml version="1.0" encoding="utf-8"?>
<Project ToolsVersion="4.0" xmlns="http://schemas.microsoft.com/developer/msbuild/2003">
  <ItemGroup>
    <Filter Include="Source Files">
      <UniqueIdentifier>{4FC737F1-C7A5-4376-A066-2A32D752A2FF}</UniqueIdentifier>
      <Extensions>cpp;c;cc;cxx;c++;cppm;ixx;def;odl;idl;hpj;bat;asm;asmx</Extensions>
    </Filter>
    <Filter Include="Header Files">
      <UniqueIdentifier>{93995380-89BD-4b04-88EB-625FBE52EBFB}</UniqueIdentifier>
      <Extensions>h;hh;hpp;hxx;h++;hm;inl;inc;ipp;xsd</Extensions>
    </Filter>
    <Filter Include="Resource Files">
      <UniqueIdentifier>{67DA6AB6-F800-4c08-8B7A-83BB121AAD01}</UniqueIdentifier>
      <Extensions>rc;ico;cur;bmp;dlg;rc2;rct;bin;rgs;gif;jpg;jpeg;jpe;resx;tiff;tif;png;wav;mfcribbon-ms</Extensions>
    </Filter>
    <Filter Include="Engine">
      <UniqueIdentifier>{69c046e2-55a9-4fc3-aaa5-36f29beccde7}</UniqueIdentifier>
    </Filter>
    <Filter Include="ModelRelated">
      <UniqueIdentifier>{bf90a95c-ff1b-4099-a4d8-029a341225c0}</UniqueIdentifier>
    </Filter>
    <Filter Include="Actors">
      <UniqueIdentifier>{b709f070-d3bb-4f71-be5c-c2fef93903bf}</UniqueIdentifier>
    </Filter>
    <Filter Include="Lights">
      <UniqueIdentifier>{04c179fd-42bb-4766-88fe-26f464b6d18b}</UniqueIdentifier>
    </Filter>
  </ItemGroup>
  <ItemGroup>
    <ClCompile Include="Source\Engine\Camera.cpp">
      <Filter>Engine</Filter>
    </ClCompile>
    <ClCompile Include="Source\Engine\Engine.cpp">
      <Filter>Engine</Filter>
    </ClCompile>
    <ClCompile Include="Source\Engine\Object.cpp">
      <Filter>Engine</Filter>
    </ClCompile>
    <ClCompile Include="Source\Engine\Scene.cpp">
      <Filter>Engine</Filter>
    </ClCompile>
    <ClCompile Include="Source\Engine\Shader.cpp">
      <Filter>Engine</Filter>
    </ClCompile>
    <ClCompile Include="Source\Engine\Window.cpp">
      <Filter>Engine</Filter>
    </ClCompile>
    <ClCompile Include="Source\ModelRelated\Material.cpp">
      <Filter>ModelRelated</Filter>
    </ClCompile>
    <ClCompile Include="Source\ModelRelated\Mesh.cpp">
      <Filter>ModelRelated</Filter>
    </ClCompile>
    <ClCompile Include="Source\ModelRelated\Model.cpp">
      <Filter>ModelRelated</Filter>
    </ClCompile>
    <ClCompile Include="Source\ModelRelated\Skybox.cpp">
      <Filter>ModelRelated</Filter>
    </ClCompile>
    <ClCompile Include="Source\ModelRelated\Texture.cpp">
      <Filter>ModelRelated</Filter>
    </ClCompile>
    <ClCompile Include="Source\Actors\Actor.cpp">
      <Filter>Actors</Filter>
    </ClCompile>
    <ClCompile Include="Source\Actors\Frog.cpp">
      <Filter>Actors</Filter>
    </ClCompile>
    <ClCompile Include="Source\Actors\Player.cpp">
      <Filter>Actors</Filter>
    </ClCompile>
    <ClCompile Include="Source\Lights\DirectionalLight.cpp">
      <Filter>Lights</Filter>
    </ClCompile>
    <ClCompile Include="Source\Lights\Light.cpp">
      <Filter>Lights</Filter>
    </ClCompile>
    <ClCompile Include="Source\Lights\PointLight.cpp">
      <Filter>Lights</Filter>
    </ClCompile>
    <ClCompile Include="Source\Lights\SpotLight.cpp">
      <Filter>Lights</Filter>
    </ClCompile>
    <ClCompile Include="Source\main.cpp">
      <Filter>Source Files</Filter>
    </ClCompile>
  </ItemGroup>
  <ItemGroup>
    <ClInclude Include="Source\Engine\Camera.h">
      <Filter>Engine</Filter>
    </ClInclude>
    <ClInclude Include="Source\Engine\Engine.h">
      <Filter>Engine</Filter>
    </ClInclude>
    <ClInclude Include="Source\Engine\Object.h">
      <Filter>Engine</Filter>
    </ClInclude>
    <ClInclude Include="Source\Engine\Scene.h">
      <Filter>Engine</Filter>
    </ClInclude>
    <ClInclude Include="Source\Engine\Shader.h">
      <Filter>Engine</Filter>
    </ClInclude>
    <ClInclude Include="Source\Engine\Window.h">
      <Filter>Engine</Filter>
    </ClInclude>
    <ClInclude Include="Source\ModelRelated\Material.h">
      <Filter>ModelRelated</Filter>
    </ClInclude>
    <ClInclude Include="Source\ModelRelated\Mesh.h">
      <Filter>ModelRelated</Filter>
    </ClInclude>
    <ClInclude Include="Source\ModelRelated\Model.h">
      <Filter>ModelRelated</Filter>
    </ClInclude>
    <ClInclude Include="Source\ModelRelated\Skybox.h">
      <Filter>ModelRelated</Filter>
    </ClInclude>
    <ClInclude Include="Source\ModelRelated\Texture.h">
      <Filter>ModelRelated</Filter>
    </ClInclude>
    <ClInclude Include="Source\Actors\Actor.h">
      <Filter>Actors</Filter>
    </ClInclude>
    <ClInclude Include="Source\Actors\Frog.h">
      <Filter>Actors</Filter>
    </ClInclude>
    <ClInclude Include="Source\Actors\Player.h">
      <Filter>Actors</Filter>
    </ClInclude>
    <ClInclude Include="Source\Lights\DirectionalLight.h">
      <Filter>Lights</Filter>
    </ClInclude>
    <ClInclude Include="Source\Lights\Light.h">
      <Filter>Lights</Filter>
    </ClInclude>
    <ClInclude Include="Source\Lights\PointLight.h">
      <Filter>Lights</Filter>
    </ClInclude>
    <ClInclude Include="Source\Lights\SpotLight.h">
      <Filter>Lights</Filter>
    </ClInclude>
    <ClInclude Include="Source\CommonValues.h">
      <Filter>Header Files</Filter>
    </ClInclude>
    <ClInclude Include="Source\stb_image.h">
      <Filter>Header Files</Filter>
    </ClInclude>
  </ItemGroup>
</Project>